
Microsoft Visual Studio Solution File, Format Version 12.00
# Visual Studio Version 17
VisualStudioVersion = 17.9.34701.34
MinimumVisualStudioVersion = 10.0.40219.1
Project("{9A19103F-16F7-4668-BE54-9A1E7A4F7556}") = "ChessLogic", "ChessLogic\ChessLogic.csproj", "{B798E469-4579-486E-97E3-F2ACAD689C80}"
EndProject
Project("{FAE04EC0-301F-11D3-BF4B-00C04F79EFBC}") = "ChessUI", "ChessUI\ChessUI.csproj", "{5F123BB6-F114-44AD-BD06-63990FEB3427}"
EndProject
Global
	GlobalSection(SolutionConfigurationPlatforms) = preSolution
		Debug|Any CPU = Debug|Any CPU
		Release|Any CPU = Release|Any CPU
	EndGlobalSection
	GlobalSection(ProjectConfigurationPlatforms) = postSolution
		{B798E469-4579-486E-97E3-F2ACAD689C80}.Debug|Any CPU.ActiveCfg = Debug|Any CPU
		{B798E469-4579-486E-97E3-F2ACAD689C80}.Debug|Any CPU.Build.0 = Debug|Any CPU
		{B798E469-4579-486E-97E3-F2ACAD689C80}.Release|Any CPU.ActiveCfg = Release|Any CPU
		{B798E469-4579-486E-97E3-F2ACAD689C80}.Release|Any CPU.Build.0 = Release|Any CPU
		{5F123BB6-F114-44AD-BD06-63990FEB3427}.Debug|Any CPU.ActiveCfg = Debug|Any CPU
		{5F123BB6-F114-44AD-BD06-63990FEB3427}.Debug|Any CPU.Build.0 = Debug|Any CPU
		{5F123BB6-F114-44AD-BD06-63990FEB3427}.Release|Any CPU.ActiveCfg = Release|Any CPU
		{5F123BB6-F114-44AD-BD06-63990FEB3427}.Release|Any CPU.Build.0 = Release|Any CPU
	EndGlobalSection
	GlobalSection(SolutionProperties) = preSolution
		HideSolutionNode = FALSE
	EndGlobalSection
	GlobalSection(ExtensibilityGlobals) = postSolution
		SolutionGuid = {37E83EB2-AC92-4687-8B39-39B8962BC06D}
	EndGlobalSection
EndGlobal
